
Microsoft Visual Studio Solution File, Format Version 12.00
# Visual Studio Version 16
VisualStudioVersion = 16.0.31005.135
MinimumVisualStudioVersion = 10.0.40219.1
Project("{8BC9CEB8-8B4A-11D0-8D11-00A0C91BC942}") = "Project1", "Project1\Project1.vcxproj", "{6808B6C6-5E89-4453-AFBD-CC3DCB429120}"
EndProject
Project("{8BC9CEB8-8B4A-11D0-8D11-00A0C91BC942}") = "Helpers", "Helpers\Helpers.vcxproj", "{D6A8FF9B-EB9A-47AD-8B4D-81CACAEDF37D}"
EndProject
Project("{8BC9CEB8-8B4A-11D0-8D11-00A0C91BC942}") = "Project2", "Project2\Project2.vcxproj", "{054BDE8E-CF55-462B-BD80-D6219EEF0595}"
EndProject
Project("{8BC9CEB8-8B4A-11D0-8D11-00A0C91BC942}") = "Project3", "Project3\Project3.vcxproj", "{C426D5EE-4B29-4595-B762-01CBAFD6796B}"
EndProject
Project("{8BC9CEB8-8B4A-11D0-8D11-00A0C91BC942}") = "Project4", "Project4\Project4.vcxproj", "{C84D4479-3638-4AAC-B5BE-C6AAAB7CF609}"
	ProjectSection(ProjectDependencies) = postProject
		{D6A8FF9B-EB9A-47AD-8B4D-81CACAEDF37D} = {D6A8FF9B-EB9A-47AD-8B4D-81CACAEDF37D}
	EndProjectSection
EndProject
Project("{8BC9CEB8-8B4A-11D0-8D11-00A0C91BC942}") = "Project5", "Project5\Project5.vcxproj", "{3F6E647F-C59D-443A-8103-7D80C284A56C}"
EndProject
Project("{8BC9CEB8-8B4A-11D0-8D11-00A0C91BC942}") = "Project6", "Project6\Project6.vcxproj", "{D05FEBC8-494C-4D12-A7C5-48EFDEEA3188}"
EndProject
Project("{8BC9CEB8-8B4A-11D0-8D11-00A0C91BC942}") = "Project7", "Project7\Project7.vcxproj", "{8ADC2247-7712-4D75-9F69-7DCB85D70C93}"
EndProject
Project("{8BC9CEB8-8B4A-11D0-8D11-00A0C91BC942}") = "Project8", "Project8\Project8.vcxproj", "{96351348-C78E-4B70-B0A4-19C1B2329949}"
EndProject
Project("{8BC9CEB8-8B4A-11D0-8D11-00A0C91BC942}") = "Project9", "Project9\Project9.vcxproj", "{3A24B014-B1EF-4B87-B0AD-2B0B2D4B7391}"
EndProject
Project("{8BC9CEB8-8B4A-11D0-8D11-00A0C91BC942}") = "Project10", "Project10\Project10.vcxproj", "{8A0683F6-B048-40F6-9725-FDC38BD88CF6}"
EndProject
Project("{8BC9CEB8-8B4A-11D0-8D11-00A0C91BC942}") = "Project11", "Project11\Project11.vcxproj", "{70F010B2-CF65-4158-B15F-2B256418A00B}"
EndProject
Project("{8BC9CEB8-8B4A-11D0-8D11-00A0C91BC942}") = "Project12", "Project12\Project12.vcxproj", "{9AE9F933-5EF4-4EDF-A1EB-CCD16D20823E}"
EndProject
Project("{8BC9CEB8-8B4A-11D0-8D11-00A0C91BC942}") = "Project13", "Project13\Project13.vcxproj", "{EEC27226-07C9-423E-AF01-9AFD640702C3}"
EndProject
Project("{8BC9CEB8-8B4A-11D0-8D11-00A0C91BC942}") = "Project14", "Project14\Project14.vcxproj", "{B2092D94-F7AD-4CBC-A57E-A237C61392D4}"
EndProject
Project("{8BC9CEB8-8B4A-11D0-8D11-00A0C91BC942}") = "Project15", "Project15\Project15.vcxproj", "{1F391288-2F28-4E4A-BD71-063D8CF236B3}"
EndProject
Project("{8BC9CEB8-8B4A-11D0-8D11-00A0C91BC942}") = "Project16", "Project16\Project16.vcxproj", "{C4CAE473-A18A-46CB-9D92-F698C4020608}"
EndProject
Project("{8BC9CEB8-8B4A-11D0-8D11-00A0C91BC942}") = "Project17", "Project17\Project17.vcxproj", "{1E09DF4C-DB89-4F65-A7E5-7A3FBE8D7502}"
EndProject
Project("{8BC9CEB8-8B4A-11D0-8D11-00A0C91BC942}") = "Project18", "Project18\Project18.vcxproj", "{59552F41-4474-4472-B05C-F057CC024DF0}"
EndProject
Project("{8BC9CEB8-8B4A-11D0-8D11-00A0C91BC942}") = "Project19", "Project19\Project19.vcxproj", "{FBB03A54-996C-4BA4-B49B-0ABF8CABCEC5}"
EndProject
Project("{8BC9CEB8-8B4A-11D0-8D11-00A0C91BC942}") = "Project20", "Project20\Project20.vcxproj", "{5DF1747B-3CD1-488A-AA49-87AF7623D01C}"
EndProject
Project("{8BC9CEB8-8B4A-11D0-8D11-00A0C91BC942}") = "Project21", "Project21\Project21.vcxproj", "{7BAD1221-2F87-4283-BA01-69E8181A6B99}"
EndProject
Project("{8BC9CEB8-8B4A-11D0-8D11-00A0C91BC942}") = "Project22", "Project22\Project22.vcxproj", "{B3D4D671-62FE-4446-BBC7-93265866AAC2}"
EndProject
Project("{8BC9CEB8-8B4A-11D0-8D11-00A0C91BC942}") = "Project23", "Project23\Project23.vcxproj", "{C179D435-7F5D-4EE9-A417-8278E8A1157E}"
EndProject
Global
	GlobalSection(SolutionConfigurationPlatforms) = preSolution
		Debug|x64 = Debug|x64
		Debug|x86 = Debug|x86
		Release|x64 = Release|x64
		Release|x86 = Release|x86
	EndGlobalSection
	GlobalSection(ProjectConfigurationPlatforms) = postSolution
		{6808B6C6-5E89-4453-AFBD-CC3DCB429120}.Debug|x64.ActiveCfg = Debug|x64
		{6808B6C6-5E89-4453-AFBD-CC3DCB429120}.Debug|x64.Build.0 = Debug|x64
		{6808B6C6-5E89-4453-AFBD-CC3DCB429120}.Debug|x86.ActiveCfg = Debug|Win32
		{6808B6C6-5E89-4453-AFBD-CC3DCB429120}.Debug|x86.Build.0 = Debug|Win32
		{6808B6C6-5E89-4453-AFBD-CC3DCB429120}.Release|x64.ActiveCfg = Release|x64
		{6808B6C6-5E89-4453-AFBD-CC3DCB429120}.Release|x64.Build.0 = Release|x64
		{6808B6C6-5E89-4453-AFBD-CC3DCB429120}.Release|x86.ActiveCfg = Release|Win32
		{6808B6C6-5E89-4453-AFBD-CC3DCB429120}.Release|x86.Build.0 = Release|Win32
		{D6A8FF9B-EB9A-47AD-8B4D-81CACAEDF37D}.Debug|x64.ActiveCfg = Debug|x64
		{D6A8FF9B-EB9A-47AD-8B4D-81CACAEDF37D}.Debug|x64.Build.0 = Debug|x64
		{D6A8FF9B-EB9A-47AD-8B4D-81CACAEDF37D}.Debug|x86.ActiveCfg = Debug|Win32
		{D6A8FF9B-EB9A-47AD-8B4D-81CACAEDF37D}.Debug|x86.Build.0 = Debug|Win32
		{D6A8FF9B-EB9A-47AD-8B4D-81CACAEDF37D}.Release|x64.ActiveCfg = Release|x64
		{D6A8FF9B-EB9A-47AD-8B4D-81CACAEDF37D}.Release|x64.Build.0 = Release|x64
		{D6A8FF9B-EB9A-47AD-8B4D-81CACAEDF37D}.Release|x86.ActiveCfg = Release|Win32
		{D6A8FF9B-EB9A-47AD-8B4D-81CACAEDF37D}.Release|x86.Build.0 = Release|Win32
		{054BDE8E-CF55-462B-BD80-D6219EEF0595}.Debug|x64.ActiveCfg = Debug|x64
		{054BDE8E-CF55-462B-BD80-D6219EEF0595}.Debug|x64.Build.0 = Debug|x64
		{054BDE8E-CF55-462B-BD80-D6219EEF0595}.Debug|x86.ActiveCfg = Debug|Win32
		{054BDE8E-CF55-462B-BD80-D6219EEF0595}.Debug|x86.Build.0 = Debug|Win32
		{054BDE8E-CF55-462B-BD80-D6219EEF0595}.Release|x64.ActiveCfg = Release|x64
		{054BDE8E-CF55-462B-BD80-D6219EEF0595}.Release|x64.Build.0 = Release|x64
		{054BDE8E-CF55-462B-BD80-D6219EEF0595}.Release|x86.ActiveCfg = Release|Win32
		{054BDE8E-CF55-462B-BD80-D6219EEF0595}.Release|x86.Build.0 = Release|Win32
		{C426D5EE-4B29-4595-B762-01CBAFD6796B}.Debug|x64.ActiveCfg = Debug|x64
		{C426D5EE-4B29-4595-B762-01CBAFD6796B}.Debug|x64.Build.0 = Debug|x64
		{C426D5EE-4B29-4595-B762-01CBAFD6796B}.Debug|x86.ActiveCfg = Debug|Win32
		{C426D5EE-4B29-4595-B762-01CBAFD6796B}.Debug|x86.Build.0 = Debug|Win32
		{C426D5EE-4B29-4595-B762-01CBAFD6796B}.Release|x64.ActiveCfg = Release|x64
		{C426D5EE-4B29-4595-B762-01CBAFD6796B}.Release|x64.Build.0 = Release|x64
		{C426D5EE-4B29-4595-B762-01CBAFD6796B}.Release|x86.ActiveCfg = Release|Win32
		{C426D5EE-4B29-4595-B762-01CBAFD6796B}.Release|x86.Build.0 = Release|Win32
		{C84D4479-3638-4AAC-B5BE-C6AAAB7CF609}.Debug|x64.ActiveCfg = Debug|x64
		{C84D4479-3638-4AAC-B5BE-C6AAAB7CF609}.Debug|x64.Build.0 = Debug|x64
		{C84D4479-3638-4AAC-B5BE-C6AAAB7CF609}.Debug|x86.ActiveCfg = Debug|Win32
		{C84D4479-3638-4AAC-B5BE-C6AAAB7CF609}.Debug|x86.Build.0 = Debug|Win32
		{C84D4479-3638-4AAC-B5BE-C6AAAB7CF609}.Release|x64.ActiveCfg = Release|x64
		{C84D4479-3638-4AAC-B5BE-C6AAAB7CF609}.Release|x64.Build.0 = Release|x64
		{C84D4479-3638-4AAC-B5BE-C6AAAB7CF609}.Release|x86.ActiveCfg = Release|Win32
		{C84D4479-3638-4AAC-B5BE-C6AAAB7CF609}.Release|x86.Build.0 = Release|Win32
		{3F6E647F-C59D-443A-8103-7D80C284A56C}.Debug|x64.ActiveCfg = Debug|x64
		{3F6E647F-C59D-443A-8103-7D80C284A56C}.Debug|x64.Build.0 = Debug|x64
		{3F6E647F-C59D-443A-8103-7D80C284A56C}.Debug|x86.ActiveCfg = Debug|Win32
		{3F6E647F-C59D-443A-8103-7D80C284A56C}.Debug|x86.Build.0 = Debug|Win32
		{3F6E647F-C59D-443A-8103-7D80C284A56C}.Release|x64.ActiveCfg = Release|x64
		{3F6E647F-C59D-443A-8103-7D80C284A56C}.Release|x64.Build.0 = Release|x64
		{3F6E647F-C59D-443A-8103-7D80C284A56C}.Release|x86.ActiveCfg = Release|Win32
		{3F6E647F-C59D-443A-8103-7D80C284A56C}.Release|x86.Build.0 = Release|Win32
		{D05FEBC8-494C-4D12-A7C5-48EFDEEA3188}.Debug|x64.ActiveCfg = Debug|x64
		{D05FEBC8-494C-4D12-A7C5-48EFDEEA3188}.Debug|x64.Build.0 = Debug|x64
		{D05FEBC8-494C-4D12-A7C5-48EFDEEA3188}.Debug|x86.ActiveCfg = Debug|Win32
		{D05FEBC8-494C-4D12-A7C5-48EFDEEA3188}.Debug|x86.Build.0 = Debug|Win32
		{D05FEBC8-494C-4D12-A7C5-48EFDEEA3188}.Release|x64.ActiveCfg = Release|x64
		{D05FEBC8-494C-4D12-A7C5-48EFDEEA3188}.Release|x64.Build.0 = Release|x64
		{D05FEBC8-494C-4D12-A7C5-48EFDEEA3188}.Release|x86.ActiveCfg = Release|Win32
		{D05FEBC8-494C-4D12-A7C5-48EFDEEA3188}.Release|x86.Build.0 = Release|Win32
		{8ADC2247-7712-4D75-9F69-7DCB85D70C93}.Debug|x64.ActiveCfg = Debug|x64
		{8ADC2247-7712-4D75-9F69-7DCB85D70C93}.Debug|x64.Build.0 = Debug|x64
		{8ADC2247-7712-4D75-9F69-7DCB85D70C93}.Debug|x86.ActiveCfg = Debug|Win32
		{8ADC2247-7712-4D75-9F69-7DCB85D70C93}.Debug|x86.Build.0 = Debug|Win32
		{8ADC2247-7712-4D75-9F69-7DCB85D70C93}.Release|x64.ActiveCfg = Release|x64
		{8ADC2247-7712-4D75-9F69-7DCB85D70C93}.Release|x64.Build.0 = Release|x64
		{8ADC2247-7712-4D75-9F69-7DCB85D70C93}.Release|x86.ActiveCfg = Release|Win32
		{8ADC2247-7712-4D75-9F69-7DCB85D70C93}.Release|x86.Build.0 = Release|Win32
		{96351348-C78E-4B70-B0A4-19C1B2329949}.Debug|x64.ActiveCfg = Debug|x64
		{96351348-C78E-4B70-B0A4-19C1B2329949}.Debug|x64.Build.0 = Debug|x64
		{96351348-C78E-4B70-B0A4-19C1B2329949}.Debug|x86.ActiveCfg = Debug|Win32
		{96351348-C78E-4B70-B0A4-19C1B2329949}.Debug|x86.Build.0 = Debug|Win32
		{96351348-C78E-4B70-B0A4-19C1B2329949}.Release|x64.ActiveCfg = Release|x64
		{96351348-C78E-4B70-B0A4-19C1B2329949}.Release|x64.Build.0 = Release|x64
		{96351348-C78E-4B70-B0A4-19C1B2329949}.Release|x86.ActiveCfg = Release|Win32
		{96351348-C78E-4B70-B0A4-19C1B2329949}.Release|x86.Build.0 = Release|Win32
		{3A24B014-B1EF-4B87-B0AD-2B0B2D4B7391}.Debug|x64.ActiveCfg = Debug|x64
		{3A24B014-B1EF-4B87-B0AD-2B0B2D4B7391}.Debug|x64.Build.0 = Debug|x64
		{3A24B014-B1EF-4B87-B0AD-2B0B2D4B7391}.Debug|x86.ActiveCfg = Debug|Win32
		{3A24B014-B1EF-4B87-B0AD-2B0B2D4B7391}.Debug|x86.Build.0 = Debug|Win32
		{3A24B014-B1EF-4B87-B0AD-2B0B2D4B7391}.Release|x64.ActiveCfg = Release|x64
		{3A24B014-B1EF-4B87-B0AD-2B0B2D4B7391}.Release|x64.Build.0 = Release|x64
		{3A24B014-B1EF-4B87-B0AD-2B0B2D4B7391}.Release|x86.ActiveCfg = Release|Win32
		{3A24B014-B1EF-4B87-B0AD-2B0B2D4B7391}.Release|x86.Build.0 = Release|Win32
		{8A0683F6-B048-40F6-9725-FDC38BD88CF6}.Debug|x64.ActiveCfg = Debug|x64
		{8A0683F6-B048-40F6-9725-FDC38BD88CF6}.Debug|x64.Build.0 = Debug|x64
		{8A0683F6-B048-40F6-9725-FDC38BD88CF6}.Debug|x86.ActiveCfg = Debug|Win32
		{8A0683F6-B048-40F6-9725-FDC38BD88CF6}.Debug|x86.Build.0 = Debug|Win32
		{8A0683F6-B048-40F6-9725-FDC38BD88CF6}.Release|x64.ActiveCfg = Release|x64
		{8A0683F6-B048-40F6-9725-FDC38BD88CF6}.Release|x64.Build.0 = Release|x64
		{8A0683F6-B048-40F6-9725-FDC38BD88CF6}.Release|x86.ActiveCfg = Release|Win32
		{8A0683F6-B048-40F6-9725-FDC38BD88CF6}.Release|x86.Build.0 = Release|Win32
		{70F010B2-CF65-4158-B15F-2B256418A00B}.Debug|x64.ActiveCfg = Debug|x64
		{70F010B2-CF65-4158-B15F-2B256418A00B}.Debug|x64.Build.0 = Debug|x64
		{70F010B2-CF65-4158-B15F-2B256418A00B}.Debug|x86.ActiveCfg = Debug|Win32
		{70F010B2-CF65-4158-B15F-2B256418A00B}.Debug|x86.Build.0 = Debug|Win32
		{70F010B2-CF65-4158-B15F-2B256418A00B}.Release|x64.ActiveCfg = Release|x64
		{70F010B2-CF65-4158-B15F-2B256418A00B}.Release|x64.Build.0 = Release|x64
		{70F010B2-CF65-4158-B15F-2B256418A00B}.Release|x86.ActiveCfg = Release|Win32
		{70F010B2-CF65-4158-B15F-2B256418A00B}.Release|x86.Build.0 = Release|Win32
		{9AE9F933-5EF4-4EDF-A1EB-CCD16D20823E}.Debug|x64.ActiveCfg = Debug|x64
		{9AE9F933-5EF4-4EDF-A1EB-CCD16D20823E}.Debug|x64.Build.0 = Debug|x64
		{9AE9F933-5EF4-4EDF-A1EB-CCD16D20823E}.Debug|x86.ActiveCfg = Debug|Win32
		{9AE9F933-5EF4-4EDF-A1EB-CCD16D20823E}.Debug|x86.Build.0 = Debug|Win32
		{9AE9F933-5EF4-4EDF-A1EB-CCD16D20823E}.Release|x64.ActiveCfg = Release|x64
		{9AE9F933-5EF4-4EDF-A1EB-CCD16D20823E}.Release|x64.Build.0 = Release|x64
		{9AE9F933-5EF4-4EDF-A1EB-CCD16D20823E}.Release|x86.ActiveCfg = Release|Win32
		{9AE9F933-5EF4-4EDF-A1EB-CCD16D20823E}.Release|x86.Build.0 = Release|Win32
		{EEC27226-07C9-423E-AF01-9AFD640702C3}.Debug|x64.ActiveCfg = Debug|x64
		{EEC27226-07C9-423E-AF01-9AFD640702C3}.Debug|x64.Build.0 = Debug|x64
		{EEC27226-07C9-423E-AF01-9AFD640702C3}.Debug|x86.ActiveCfg = Debug|Win32
		{EEC27226-07C9-423E-AF01-9AFD640702C3}.Debug|x86.Build.0 = Debug|Win32
		{EEC27226-07C9-423E-AF01-9AFD640702C3}.Release|x64.ActiveCfg = Release|x64
		{EEC27226-07C9-423E-AF01-9AFD640702C3}.Release|x64.Build.0 = Release|x64
		{EEC27226-07C9-423E-AF01-9AFD640702C3}.Release|x86.ActiveCfg = Release|Win32
		{EEC27226-07C9-423E-AF01-9AFD640702C3}.Release|x86.Build.0 = Release|Win32
		{B2092D94-F7AD-4CBC-A57E-A237C61392D4}.Debug|x64.ActiveCfg = Debug|x64
		{B2092D94-F7AD-4CBC-A57E-A237C61392D4}.Debug|x64.Build.0 = Debug|x64
		{B2092D94-F7AD-4CBC-A57E-A237C61392D4}.Debug|x86.ActiveCfg = Debug|Win32
		{B2092D94-F7AD-4CBC-A57E-A237C61392D4}.Debug|x86.Build.0 = Debug|Win32
		{B2092D94-F7AD-4CBC-A57E-A237C61392D4}.Release|x64.ActiveCfg = Release|x64
		{B2092D94-F7AD-4CBC-A57E-A237C61392D4}.Release|x64.Build.0 = Release|x64
		{B2092D94-F7AD-4CBC-A57E-A237C61392D4}.Release|x86.ActiveCfg = Release|Win32
		{B2092D94-F7AD-4CBC-A57E-A237C61392D4}.Release|x86.Build.0 = Release|Win32
		{1F391288-2F28-4E4A-BD71-063D8CF236B3}.Debug|x64.ActiveCfg = Debug|x64
		{1F391288-2F28-4E4A-BD71-063D8CF236B3}.Debug|x64.Build.0 = Debug|x64
		{1F391288-2F28-4E4A-BD71-063D8CF236B3}.Debug|x86.ActiveCfg = Debug|Win32
		{1F391288-2F28-4E4A-BD71-063D8CF236B3}.Debug|x86.Build.0 = Debug|Win32
		{1F391288-2F28-4E4A-BD71-063D8CF236B3}.Release|x64.ActiveCfg = Release|x64
		{1F391288-2F28-4E4A-BD71-063D8CF236B3}.Release|x64.Build.0 = Release|x64
		{1F391288-2F28-4E4A-BD71-063D8CF236B3}.Release|x86.ActiveCfg = Release|Win32
		{1F391288-2F28-4E4A-BD71-063D8CF236B3}.Release|x86.Build.0 = Release|Win32
		{C4CAE473-A18A-46CB-9D92-F698C4020608}.Debug|x64.ActiveCfg = Debug|x64
		{C4CAE473-A18A-46CB-9D92-F698C4020608}.Debug|x64.Build.0 = Debug|x64
		{C4CAE473-A18A-46CB-9D92-F698C4020608}.Debug|x86.ActiveCfg = Debug|Win32
		{C4CAE473-A18A-46CB-9D92-F698C4020608}.Debug|x86.Build.0 = Debug|Win32
		{C4CAE473-A18A-46CB-9D92-F698C4020608}.Release|x64.ActiveCfg = Release|x64
		{C4CAE473-A18A-46CB-9D92-F698C4020608}.Release|x64.Build.0 = Release|x64
		{C4CAE473-A18A-46CB-9D92-F698C4020608}.Release|x86.ActiveCfg = Release|Win32
		{C4CAE473-A18A-46CB-9D92-F698C4020608}.Release|x86.Build.0 = Release|Win32
		{1E09DF4C-DB89-4F65-A7E5-7A3FBE8D7502}.Debug|x64.ActiveCfg = Debug|x64
		{1E09DF4C-DB89-4F65-A7E5-7A3FBE8D7502}.Debug|x64.Build.0 = Debug|x64
		{1E09DF4C-DB89-4F65-A7E5-7A3FBE8D7502}.Debug|x86.ActiveCfg = Debug|Win32
		{1E09DF4C-DB89-4F65-A7E5-7A3FBE8D7502}.Debug|x86.Build.0 = Debug|Win32
		{1E09DF4C-DB89-4F65-A7E5-7A3FBE8D7502}.Release|x64.ActiveCfg = Release|x64
		{1E09DF4C-DB89-4F65-A7E5-7A3FBE8D7502}.Release|x64.Build.0 = Release|x64
		{1E09DF4C-DB89-4F65-A7E5-7A3FBE8D7502}.Release|x86.ActiveCfg = Release|Win32
		{1E09DF4C-DB89-4F65-A7E5-7A3FBE8D7502}.Release|x86.Build.0 = Release|Win32
		{59552F41-4474-4472-B05C-F057CC024DF0}.Debug|x64.ActiveCfg = Debug|x64
		{59552F41-4474-4472-B05C-F057CC024DF0}.Debug|x64.Build.0 = Debug|x64
		{59552F41-4474-4472-B05C-F057CC024DF0}.Debug|x86.ActiveCfg = Debug|Win32
		{59552F41-4474-4472-B05C-F057CC024DF0}.Debug|x86.Build.0 = Debug|Win32
		{59552F41-4474-4472-B05C-F057CC024DF0}.Release|x64.ActiveCfg = Release|x64
		{59552F41-4474-4472-B05C-F057CC024DF0}.Release|x64.Build.0 = Release|x64
		{59552F41-4474-4472-B05C-F057CC024DF0}.Release|x86.ActiveCfg = Release|Win32
		{59552F41-4474-4472-B05C-F057CC024DF0}.Release|x86.Build.0 = Release|Win32
		{FBB03A54-996C-4BA4-B49B-0ABF8CABCEC5}.Debug|x64.ActiveCfg = Debug|x64
		{FBB03A54-996C-4BA4-B49B-0ABF8CABCEC5}.Debug|x64.Build.0 = Debug|x64
		{FBB03A54-996C-4BA4-B49B-0ABF8CABCEC5}.Debug|x86.ActiveCfg = Debug|Win32
		{FBB03A54-996C-4BA4-B49B-0ABF8CABCEC5}.Debug|x86.Build.0 = Debug|Win32
		{FBB03A54-996C-4BA4-B49B-0ABF8CABCEC5}.Release|x64.ActiveCfg = Release|x64
		{FBB03A54-996C-4BA4-B49B-0ABF8CABCEC5}.Release|x64.Build.0 = Release|x64
		{FBB03A54-996C-4BA4-B49B-0ABF8CABCEC5}.Release|x86.ActiveCfg = Release|Win32
		{FBB03A54-996C-4BA4-B49B-0ABF8CABCEC5}.Release|x86.Build.0 = Release|Win32
		{5DF1747B-3CD1-488A-AA49-87AF7623D01C}.Debug|x64.ActiveCfg = Debug|x64
		{5DF1747B-3CD1-488A-AA49-87AF7623D01C}.Debug|x64.Build.0 = Debug|x64
		{5DF1747B-3CD1-488A-AA49-87AF7623D01C}.Debug|x86.ActiveCfg = Debug|Win32
		{5DF1747B-3CD1-488A-AA49-87AF7623D01C}.Debug|x86.Build.0 = Debug|Win32
		{5DF1747B-3CD1-488A-AA49-87AF7623D01C}.Release|x64.ActiveCfg = Release|x64
		{5DF1747B-3CD1-488A-AA49-87AF7623D01C}.Release|x64.Build.0 = Release|x64
		{5DF1747B-3CD1-488A-AA49-87AF7623D01C}.Release|x86.ActiveCfg = Release|Win32
		{5DF1747B-3CD1-488A-AA49-87AF7623D01C}.Release|x86.Build.0 = Release|Win32
		{7BAD1221-2F87-4283-BA01-69E8181A6B99}.Debug|x64.ActiveCfg = Debug|x64
		{7BAD1221-2F87-4283-BA01-69E8181A6B99}.Debug|x64.Build.0 = Debug|x64
		{7BAD1221-2F87-4283-BA01-69E8181A6B99}.Debug|x86.ActiveCfg = Debug|Win32
		{7BAD1221-2F87-4283-BA01-69E8181A6B99}.Debug|x86.Build.0 = Debug|Win32
		{7BAD1221-2F87-4283-BA01-69E8181A6B99}.Release|x64.ActiveCfg = Release|x64
		{7BAD1221-2F87-4283-BA01-69E8181A6B99}.Release|x64.Build.0 = Release|x64
		{7BAD1221-2F87-4283-BA01-69E8181A6B99}.Release|x86.ActiveCfg = Release|Win32
		{7BAD1221-2F87-4283-BA01-69E8181A6B99}.Release|x86.Build.0 = Release|Win32
		{B3D4D671-62FE-4446-BBC7-93265866AAC2}.Debug|x64.ActiveCfg = Debug|x64
		{B3D4D671-62FE-4446-BBC7-93265866AAC2}.Debug|x64.Build.0 = Debug|x64
		{B3D4D671-62FE-4446-BBC7-93265866AAC2}.Debug|x86.ActiveCfg = Debug|Win32
		{B3D4D671-62FE-4446-BBC7-93265866AAC2}.Debug|x86.Build.0 = Debug|Win32
		{B3D4D671-62FE-4446-BBC7-93265866AAC2}.Release|x64.ActiveCfg = Release|x64
		{B3D4D671-62FE-4446-BBC7-93265866AAC2}.Release|x64.Build.0 = Release|x64
		{B3D4D671-62FE-4446-BBC7-93265866AAC2}.Release|x86.ActiveCfg = Release|Win32
		{B3D4D671-62FE-4446-BBC7-93265866AAC2}.Release|x86.Build.0 = Release|Win32
		{C179D435-7F5D-4EE9-A417-8278E8A1157E}.Debug|x64.ActiveCfg = Debug|x64
		{C179D435-7F5D-4EE9-A417-8278E8A1157E}.Debug|x64.Build.0 = Debug|x64
		{C179D435-7F5D-4EE9-A417-8278E8A1157E}.Debug|x86.ActiveCfg = Debug|Win32
		{C179D435-7F5D-4EE9-A417-8278E8A1157E}.Debug|x86.Build.0 = Debug|Win32
		{C179D435-7F5D-4EE9-A417-8278E8A1157E}.Release|x64.ActiveCfg = Release|x64
		{C179D435-7F5D-4EE9-A417-8278E8A1157E}.Release|x64.Build.0 = Release|x64
		{C179D435-7F5D-4EE9-A417-8278E8A1157E}.Release|x86.ActiveCfg = Release|Win32
		{C179D435-7F5D-4EE9-A417-8278E8A1157E}.Release|x86.Build.0 = Release|Win32
	EndGlobalSection
	GlobalSection(SolutionProperties) = preSolution
		HideSolutionNode = FALSE
	EndGlobalSection
	GlobalSection(ExtensibilityGlobals) = postSolution
		SolutionGuid = {E00E3603-E9DC-4BDE-A859-9A9A70847940}
	EndGlobalSection
EndGlobal
